
Microsoft Visual Studio Solution File, Format Version 12.00
# Visual Studio 15
VisualStudioVersion = 15.0.27004.2010
MinimumVisualStudioVersion = 10.0.40219.1
Project("{9092AA53-FB77-4645-B42D-1CCCA6BD08BD}") = "Portfolio", "Portfolio\Portfolio.njsproj", "{B07B88C6-9492-4CA0-A055-527ECA5ED59F}"
EndProject
Global
	GlobalSection(SolutionConfigurationPlatforms) = preSolution
		Debug|Any CPU = Debug|Any CPU
		Release|Any CPU = Release|Any CPU
	EndGlobalSection
	GlobalSection(ProjectConfigurationPlatforms) = postSolution
		{B07B88C6-9492-4CA0-A055-527ECA5ED59F}.Debug|Any CPU.ActiveCfg = Debug|Any CPU
		{B07B88C6-9492-4CA0-A055-527ECA5ED59F}.Debug|Any CPU.Build.0 = Debug|Any CPU
		{B07B88C6-9492-4CA0-A055-527ECA5ED59F}.Release|Any CPU.ActiveCfg = Release|Any CPU
		{B07B88C6-9492-4CA0-A055-527ECA5ED59F}.Release|Any CPU.Build.0 = Release|Any CPU
	EndGlobalSection
	GlobalSection(SolutionProperties) = preSolution
		HideSolutionNode = FALSE
	EndGlobalSection
	GlobalSection(ExtensibilityGlobals) = postSolution
		SolutionGuid = {9E79A526-34E9-4D3E-BCDD-41B6EE5712D7}
	EndGlobalSection
EndGlobal
